
Microsoft Visual Studio Solution File, Format Version 12.00
Project("{FAE04EC0-301F-11D3-BF4B-00C04F79EFBC}") = "MedicalAI.Api", "MedicalAI.Api\MedicalAI.Api.csproj", "{755832C7-C5EB-4B0D-8FDE-E76008554E96}"
EndProject
Project("{FAE04EC0-301F-11D3-BF4B-00C04F79EFBC}") = "MedicalAI.Application", "MedicalAI.Application\MedicalAI.Application.csproj", "{B8E25C92-3C7D-4AD0-B3AA-F72FF2FD418E}"
EndProject
Project("{FAE04EC0-301F-11D3-BF4B-00C04F79EFBC}") = "MedicalAI.Domain", "MedicalAI.Domain\MedicalAI.Domain.csproj", "{3053D4E2-E04E-4636-9A1B-A8C1C574A497}"
EndProject
Project("{FAE04EC0-301F-11D3-BF4B-00C04F79EFBC}") = "MedicalAI.Infrastructure", "MedicalAI.Infrastructure\MedicalAI.Infrastructure.csproj", "{51A2FB27-6D12-4E34-946D-6089FC8B4618}"
EndProject
Global
	GlobalSection(SolutionConfigurationPlatforms) = preSolution
		Debug|Any CPU = Debug|Any CPU
		Debug|x64 = Debug|x64
		Debug|x86 = Debug|x86
		Release|Any CPU = Release|Any CPU
		Release|x64 = Release|x64
		Release|x86 = Release|x86
	EndGlobalSection
	GlobalSection(ProjectConfigurationPlatforms) = postSolution
		{755832C7-C5EB-4B0D-8FDE-E76008554E96}.Debug|Any CPU.ActiveCfg = Debug|Any CPU
		{755832C7-C5EB-4B0D-8FDE-E76008554E96}.Debug|Any CPU.Build.0 = Debug|Any CPU
		{755832C7-C5EB-4B0D-8FDE-E76008554E96}.Debug|x64.ActiveCfg = Debug|Any CPU
		{755832C7-C5EB-4B0D-8FDE-E76008554E96}.Debug|x64.Build.0 = Debug|Any CPU
		{755832C7-C5EB-4B0D-8FDE-E76008554E96}.Debug|x86.ActiveCfg = Debug|Any CPU
		{755832C7-C5EB-4B0D-8FDE-E76008554E96}.Debug|x86.Build.0 = Debug|Any CPU
		{755832C7-C5EB-4B0D-8FDE-E76008554E96}.Release|Any CPU.ActiveCfg = Release|Any CPU
		{755832C7-C5EB-4B0D-8FDE-E76008554E96}.Release|Any CPU.Build.0 = Release|Any CPU
		{755832C7-C5EB-4B0D-8FDE-E76008554E96}.Release|x64.ActiveCfg = Release|Any CPU
		{755832C7-C5EB-4B0D-8FDE-E76008554E96}.Release|x64.Build.0 = Release|Any CPU
		{755832C7-C5EB-4B0D-8FDE-E76008554E96}.Release|x86.ActiveCfg = Release|Any CPU
		{755832C7-C5EB-4B0D-8FDE-E76008554E96}.Release|x86.Build.0 = Release|Any CPU
		{B8E25C92-3C7D-4AD0-B3AA-F72FF2FD418E}.Debug|Any CPU.ActiveCfg = Debug|Any CPU
		{B8E25C92-3C7D-4AD0-B3AA-F72FF2FD418E}.Debug|Any CPU.Build.0 = Debug|Any CPU
		{B8E25C92-3C7D-4AD0-B3AA-F72FF2FD418E}.Debug|x64.ActiveCfg = Debug|Any CPU
		{B8E25C92-3C7D-4AD0-B3AA-F72FF2FD418E}.Debug|x64.Build.0 = Debug|Any CPU
		{B8E25C92-3C7D-4AD0-B3AA-F72FF2FD418E}.Debug|x86.ActiveCfg = Debug|Any CPU
		{B8E25C92-3C7D-4AD0-B3AA-F72FF2FD418E}.Debug|x86.Build.0 = Debug|Any CPU
		{B8E25C92-3C7D-4AD0-B3AA-F72FF2FD418E}.Release|Any CPU.ActiveCfg = Release|Any CPU
		{B8E25C92-3C7D-4AD0-B3AA-F72FF2FD418E}.Release|Any CPU.Build.0 = Release|Any CPU
		{B8E25C92-3C7D-4AD0-B3AA-F72FF2FD418E}.Release|x64.ActiveCfg = Release|Any CPU
		{B8E25C92-3C7D-4AD0-B3AA-F72FF2FD418E}.Release|x64.Build.0 = Release|Any CPU
		{B8E25C92-3C7D-4AD0-B3AA-F72FF2FD418E}.Release|x86.ActiveCfg = Release|Any CPU
		{B8E25C92-3C7D-4AD0-B3AA-F72FF2FD418E}.Release|x86.Build.0 = Release|Any CPU
		{3053D4E2-E04E-4636-9A1B-A8C1C574A497}.Debug|Any CPU.ActiveCfg = Debug|Any CPU
		{3053D4E2-E04E-4636-9A1B-A8C1C574A497}.Debug|Any CPU.Build.0 = Debug|Any CPU
		{3053D4E2-E04E-4636-9A1B-A8C1C574A497}.Debug|x64.ActiveCfg = Debug|Any CPU
		{3053D4E2-E04E-4636-9A1B-A8C1C574A497}.Debug|x64.Build.0 = Debug|Any CPU
		{3053D4E2-E04E-4636-9A1B-A8C1C574A497}.Debug|x86.ActiveCfg = Debug|Any CPU
		{3053D4E2-E04E-4636-9A1B-A8C1C574A497}.Debug|x86.Build.0 = Debug|Any CPU
		{3053D4E2-E04E-4636-9A1B-A8C1C574A497}.Release|Any CPU.ActiveCfg = Release|Any CPU
		{3053D4E2-E04E-4636-9A1B-A8C1C574A497}.Release|Any CPU.Build.0 = Release|Any CPU
		{3053D4E2-E04E-4636-9A1B-A8C1C574A497}.Release|x64.ActiveCfg = Release|Any CPU
		{3053D4E2-E04E-4636-9A1B-A8C1C574A497}.Release|x64.Build.0 = Release|Any CPU
		{3053D4E2-E04E-4636-9A1B-A8C1C574A497}.Release|x86.ActiveCfg = Release|Any CPU
		{3053D4E2-E04E-4636-9A1B-A8C1C574A497}.Release|x86.Build.0 = Release|Any CPU
		{51A2FB27-6D12-4E34-946D-6089FC8B4618}.Debug|Any CPU.ActiveCfg = Debug|Any CPU
		{51A2FB27-6D12-4E34-946D-6089FC8B4618}.Debug|Any CPU.Build.0 = Debug|Any CPU
		{51A2FB27-6D12-4E34-946D-6089FC8B4618}.Debug|x64.ActiveCfg = Debug|Any CPU
		{51A2FB27-6D12-4E34-946D-6089FC8B4618}.Debug|x64.Build.0 = Debug|Any CPU
		{51A2FB27-6D12-4E34-946D-6089FC8B4618}.Debug|x86.ActiveCfg = Debug|Any CPU
		{51A2FB27-6D12-4E34-946D-6089FC8B4618}.Debug|x86.Build.0 = Debug|Any CPU
		{51A2FB27-6D12-4E34-946D-6089FC8B4618}.Release|Any CPU.ActiveCfg = Release|Any CPU
		{51A2FB27-6D12-4E34-946D-6089FC8B4618}.Release|Any CPU.Build.0 = Release|Any CPU
		{51A2FB27-6D12-4E34-946D-6089FC8B4618}.Release|x64.ActiveCfg = Release|Any CPU
		{51A2FB27-6D12-4E34-946D-6089FC8B4618}.Release|x64.Build.0 = Release|Any CPU
		{51A2FB27-6D12-4E34-946D-6089FC8B4618}.Release|x86.ActiveCfg = Release|Any CPU
		{51A2FB27-6D12-4E34-946D-6089FC8B4618}.Release|x86.Build.0 = Release|Any CPU
	EndGlobalSection
	GlobalSection(SolutionProperties) = preSolution
		HideSolutionNode = FALSE
	EndGlobalSection
EndGlobal
